Microsoft Visual Studio Solution File, Format Version 9.00
# Visual Studio 2005
Project("{F184B08F-C81C-45F6-A57F-5ABD9991F28F}") = "E2311", "E2311\E2311.vbproj", "{49090784-93E8-4B51-9AD6-89F699B9456E}"
	ProjectSection(WebsiteProperties) = preProject
		Debug.AspNetCompiler.Debug = "True"
		Release.AspNetCompiler.Debug = "False"
	EndProjectSection
EndProject
Global
	GlobalSection(SolutionConfigurationPlatforms) = preSolution
		Debug|Any CPU = Debug|Any CPU
		Release|Any CPU = Release|Any CPU
	EndGlobalSection
	GlobalSection(ProjectConfigurationPlatforms) = postSolution
		{49090784-93E8-4B51-9AD6-89F699B9456E}.Debug|Any CPU.ActiveCfg = Debug|Any CPU
		{49090784-93E8-4B51-9AD6-89F699B9456E}.Debug|Any CPU.Build.0 = Debug|Any CPU
		{49090784-93E8-4B51-9AD6-89F699B9456E}.Release|Any CPU.ActiveCfg = Release|Any CPU
		{49090784-93E8-4B51-9AD6-89F699B9456E}.Release|Any CPU.Build.0 = Release|Any CPU
	EndGlobalSection
	GlobalSection(SolutionProperties) = preSolution
		HideSolutionNode = FALSE
	EndGlobalSection
EndGlobal
